// !$*UTF8*$!
{
	archiveVersion = 1;
	classes = {
	};
	objectVersion = 56;
	objects = {

/* Begin PBXBuildFile section */
		3485B6D92AD55F3E00AE6103 /* AppDelegate.swift in Sources */ = {isa = PBXBuildFile; fileRef = 3485B6D82AD55F3E00AE6103 /* AppDelegate.swift */; };
		3485B6DB2AD55F3E00AE6103 /* SceneDelegate.swift in Sources */ = {isa = PBXBuildFile; fileRef = 3485B6DA2AD55F3E00AE6103 /* SceneDelegate.swift */; };
		3485B6DD2AD55F3E00AE6103 /* SocialLoginViewController.swift in Sources */ = {isa = PBXBuildFile; fileRef = 3485B6DC2AD55F3E00AE6103 /* SocialLoginViewController.swift */; };
		3485B6E02AD55F3E00AE6103 /* Main.storyboard in Resources */ = {isa = PBXBuildFile; fileRef = 3485B6DE2AD55F3E00AE6103 /* Main.storyboard */; };
		3485B6E22AD55F4000AE6103 /* Assets.xcassets in Resources */ = {isa = PBXBuildFile; fileRef = 3485B6E12AD55F4000AE6103 /* Assets.xcassets */; };
		3485B6E52AD55F4000AE6103 /* LaunchScreen.storyboard in Resources */ = {isa = PBXBuildFile; fileRef = 3485B6E32AD55F4000AE6103 /* LaunchScreen.storyboard */; };
		3485B6ED2AD6E74D00AE6103 /* KakaoAuthService.swift in Sources */ = {isa = PBXBuildFile; fileRef = 3485B6EC2AD6E74D00AE6103 /* KakaoAuthService.swift */; };
/* End PBXBuildFile section */

/* Begin PBXFileReference section */
		3485B6D52AD55F3E00AE6103 /* Social_Login.app */ = {isa = PBXFileReference; explicitFileType = wrapper.application; includeInIndex = 0; path = Social_Login.app; sourceTree = BUILT_PRODUCTS_DIR; };
		3485B6D82AD55F3E00AE6103 /* AppDelegate.swift */ = {isa = PBXFileReference; lastKnownFileType = sourcecode.swift; path = AppDelegate.swift; sourceTree = "<group>"; };
		3485B6DA2AD55F3E00AE6103 /* SceneDelegate.swift */ = {isa = PBXFileReference; lastKnownFileType = sourcecode.swift; path = SceneDelegate.swift; sourceTree = "<group>"; };
		3485B6DC2AD55F3E00AE6103 /* SocialLoginViewController.swift */ = {isa = PBXFileReference; lastKnownFileType = sourcecode.swift; path = SocialLoginViewController.swift; sourceTree = "<group>"; };
		3485B6DF2AD55F3E00AE6103 /* Base */ = {isa = PBXFileReference; lastKnownFileType = file.storyboard; name = Base; path = Base.lproj/Main.storyboard; sourceTree = "<group>"; };
		3485B6E12AD55F4000AE6103 /* Assets.xcassets */ = {isa = PBXFileReference; lastKnownFileType = folder.assetcatalog; path = Assets.xcassets; sourceTree = "<group>"; };
		3485B6E42AD55F4000AE6103 /* Base */ = {isa = PBXFileReference; lastKnownFileType = file.storyboard; name = Base; path = Base.lproj/LaunchScreen.storyboard; sourceTree = "<group>"; };
		3485B6E62AD55F4000AE6103 /* Info.plist */ = {isa = PBXFileReference; lastKnownFileType = text.plist.xml; path = Info.plist; sourceTree = "<group>"; };
		3485B6EC2AD6E74D00AE6103 /* KakaoAuthService.swift */ = {isa = PBXFileReference; lastKnownFileType = sourcecode.swift; path = KakaoAuthService.swift; sourceTree = "<group>"; };
/* End PBXFileReference section */

/* Begin PBXFrameworksBuildPhase section */
		3485B6D22AD55F3E00AE6103 /* Frameworks */ = {
			isa = PBXFrameworksBuildPhase;
			buildActionMask = 2147483647;
			files = (
			);
			runOnlyForDeploymentPostprocessing = 0;
		};
/* End PBXFrameworksBuildPhase section */

/* Begin PBXGroup section */
		3485B6CC2AD55F3E00AE6103 = {
			isa = PBXGroup;
			children = (
				3485B6D72AD55F3E00AE6103 /* Social_Login */,
				3485B6D62AD55F3E00AE6103 /* Products */,
			);
			sourceTree = "<group>";
		};
		3485B6D62AD55F3E00AE6103 /* Products */ = {
			isa = PBXGroup;
			children = (
				3485B6D52AD55F3E00AE6103 /* Social_Login.app */,
			);
			name = Products;
			sourceTree = "<group>";
		};
		3485B6D72AD55F3E00AE6103 /* Social_Login */ = {
			isa = PBXGroup;
			children = (
				3485B6D82AD55F3E00AE6103 /* AppDelegate.swift */,
				3485B6DA2AD55F3E00AE6103 /* SceneDelegate.swift */,
				3485B6DC2AD55F3E00AE6103 /* SocialLoginViewController.swift */,
				3485B6EC2AD6E74D00AE6103 /* KakaoAuthService.swift */,
				3485B6DE2AD55F3E00AE6103 /* Main.storyboard */,
				3485B6E12AD55F4000AE6103 /* Assets.xcassets */,
				3485B6E32AD55F4000AE6103 /* LaunchScreen.storyboard */,
				3485B6E62AD55F4000AE6103 /* Info.plist */,
			);
			path = Social_Login;
			sourceTree = "<group>";
		};
/* End PBXGroup section */

/* Begin PBXNativeTarget section */
		3485B6D42AD55F3E00AE6103 /* Social_Login */ = {
			isa = PBXNativeTarget;
			buildConfigurationList = 3485B6E92AD55F4000AE6103 /* Build configuration list for PBXNativeTarget "Social_Login" */;
			buildPhases = (
				3485B6D12AD55F3E00AE6103 /* Sources */,
				3485B6D22AD55F3E00AE6103 /* Frameworks */,
				3485B6D32AD55F3E00AE6103 /* Resources */,
			);
			buildRules = (
			);
			dependencies = (
			);
			name = Social_Login;
			productName = Social_Login;
			productReference = 3485B6D52AD55F3E00AE6103 /* Social_Login.app */;
			productType = "com.apple.product-type.application";
		};
/* End PBXNativeTarget section */

/* Begin PBXProject section */
		3485B6CD2AD55F3E00AE6103 /* Project object */ = {
			isa = PBXProject;
			attributes = {
				BuildIndependentTargetsInParallel = 1;
				LastSwiftUpdateCheck = 1420;
				LastUpgradeCheck = 1420;
				TargetAttributes = {
					3485B6D42AD55F3E00AE6103 = {
						CreatedOnToolsVersion = 14.2;
					};
				};
			};
			buildConfigurationList = 3485B6D02AD55F3E00AE6103 /* Build configuration list for PBXProject "Social_Login" */;
			compatibilityVersion = "Xcode 14.0";
			developmentRegion = en;
			hasScannedForEncodings = 0;
			knownRegions = (
				en,
				Base,
			);
			mainGroup = 3485B6CC2AD55F3E00AE6103;
			productRefGroup = 3485B6D62AD55F3E00AE6103 /* Products */;
			projectDirPath = "";
			projectRoot = "";
			targets = (
				3485B6D42AD55F3E00AE6103 /* Social_Login */,
			);
		};
/* End PBXProject section */

/* Begin PBXResourcesBuildPhase section */
		3485B6D32AD55F3E00AE6103 /* Resources */ = {
			isa = PBXResourcesBuildPhase;
			buildActionMask = 2147483647;
			files = (
				3485B6E52AD55F4000AE6103 /* LaunchScreen.storyboard in Resources */,
				3485B6E22AD55F4000AE6103 /* Assets.xcassets in Resources */,
				3485B6E02AD55F3E00AE6103 /* Main.storyboard in Resources */,
			);
			runOnlyForDeploymentPostprocessing = 0;
		};
/* End PBXResourcesBuildPhase section */

/* Begin PBXSourcesBuildPhase section */
		3485B6D12AD55F3E00AE6103 /* Sources */ = {
			isa = PBXSourcesBuildPhase;
			buildActionMask = 2147483647;
			files = (
				3485B6DD2AD55F3E00AE6103 /* SocialLoginViewController.swift in Sources */,
				3485B6D92AD55F3E00AE6103 /* AppDelegate.swift in Sources */,
				3485B6DB2AD55F3E00AE6103 /* SceneDelegate.swift in Sources */,
				3485B6ED2AD6E74D00AE6103 /* KakaoAuthService.swift in Sources */,
			);
			runOnlyForDeploymentPostprocessing = 0;
		};
/* End PBXSourcesBuildPhase section */

/* Begin PBXVariantGroup section */
		3485B6DE2AD55F3E00AE6103 /* Main.storyboard */ = {
			isa = PBXVariantGroup;
			children = (
				3485B6DF2AD55F3E00AE6103 /* Base */,
			);
			name = Main.storyboard;
			sourceTree = "<group>";
		};
		3485B6E32AD55F4000AE6103 /* LaunchScreen.storyboard */ = {
			isa = PBXVariantGroup;
			children = (
				3485B6E42AD55F4000AE6103 /* Base */,
			);
			name = LaunchScreen.storyboard;
			sourceTree = "<group>";
		};
/* End PBXVariantGroup section */

/* Begin XCBuildConfiguration section */
		3485B6E72AD55F4000AE6103 /* Debug */ = {
			isa = XCBuildConfiguration;
			buildSettings = {
				ALWAYS_SEARCH_USER_PATHS = NO;
				CLANG_ANALYZER_NONNULL = YES;
				CLANG_ANALYZER_NUMBER_OBJECT_CONVERSION = YES_AGGRESSIVE;
				CLANG_CXX_LANGUAGE_STANDARD = "gnu++20";
				CLANG_ENABLE_MODULES = YES;
				CLANG_ENABLE_OBJC_ARC = YES;
				CLANG_ENABLE_OBJC_WEAK = YES;
				CLANG_WARN_BLOCK_CAPTURE_AUTORELEASING = YES;
				CLANG_WARN_BOOL_CONVERSION = YES;
				CLANG_WARN_COMMA = YES;
				CLANG_WARN_CONSTANT_CONVERSION = YES;
				CLANG_WARN_DEPRECATED_OBJC_IMPLEMENTATIONS = YES;
				CLANG_WARN_DIRECT_OBJC_ISA_USAGE = YES_ERROR;
				CLANG_WARN_DOCUMENTATION_COMMENTS = YES;
				CLANG_WARN_EMPTY_BODY = YES;
				CLANG_WARN_ENUM_CONVERSION = YES;
				CLANG_WARN_INFINITE_RECURSION = YES;
				CLANG_WARN_INT_CONVERSION = YES;
				CLANG_WARN_NON_LITERAL_NULL_CONVERSION = YES;
				CLANG_WARN_OBJC_IMPLICIT_RETAIN_SELF = YES;
				CLANG_WARN_OBJC_LITERAL_CONVERSION = YES;
				CLANG_WARN_OBJC_ROOT_CLASS = YES_ERROR;
				CLANG_WARN_QUOTED_INCLUDE_IN_FRAMEWORK_HEADER = YES;
				CLANG_WARN_RANGE_LOOP_ANALYSIS = YES;
				CLANG_WARN_STRICT_PROTOTYPES = YES;
				CLANG_WARN_SUSPICIOUS_MOVE = YES;
				CLANG_WARN_UNGUARDED_AVAILABILITY = YES_AGGRESSIVE;
				CLANG_WARN_UNREACHABLE_CODE = YES;
				CLANG_WARN__DUPLICATE_METHOD_MATCH = YES;
				COPY_PHASE_STRIP = NO;
				DEBUG_INFORMATION_FORMAT = dwarf;
				ENABLE_STRICT_OBJC_MSGSEND = YES;
				ENABLE_TESTABILITY = YES;
				GCC_C_LANGUAGE_STANDARD = gnu11;
				GCC_DYNAMIC_NO_PIC = NO;
				GCC_NO_COMMON_BLOCKS = YES;
				GCC_OPTIMIZATION_LEVEL = 0;
				GCC_PREPROCESSOR_DEFINITIONS = (
					"DEBUG=1",
					"$(inherited)",
				);
				GCC_WARN_64_TO_32_BIT_CONVERSION = YES;
				GCC_WARN_ABOUT_RETURN_TYPE = YES_ERROR;
				GCC_WARN_UNDECLARED_SELECTOR = YES;
				GCC_WARN_UNINITIALIZED_AUTOS = YES_AGGRESSIVE;
				GCC_WARN_UNUSED_FUNCTION = YES;
				GCC_WARN_UNUSED_VARIABLE = YES;
				IPHONEOS_DEPLOYMENT_TARGET = 16.2;
				MTL_ENABLE_DEBUG_INFO = INCLUDE_SOURCE;
				MTL_FAST_MATH = YES;
				ONLY_ACTIVE_ARCH = YES;
				SDKROOT = iphoneos;
				SWIFT_ACTIVE_COMPILATION_CONDITIONS = DEBUG;
				SWIFT_OPTIMIZATION_LEVEL = "-Onone";
			};
			name = Debug;
		};
		3485B6E82AD55F4000AE6103 /* Release */ = {
			isa = XCBuildConfiguration;
			buildSettings = {
				ALWAYS_SEARCH_USER_PATHS = NO;
				CLANG_ANALYZER_NONNULL = YES;
				CLANG_ANALYZER_NUMBER_OBJECT_CONVERSION = YES_AGGRESSIVE;
				CLANG_CXX_LANGUAGE_STANDARD = "gnu++20";
				CLANG_ENABLE_MODULES = YES;
				CLANG_ENABLE_OBJC_ARC = YES;
				CLANG_ENABLE_OBJC_WEAK = YES;
				CLANG_WARN_BLOCK_CAPTURE_AUTORELEASING = YES;
				CLANG_WARN_BOOL_CONVERSION = YES;
				CLANG_WARN_COMMA = YES;
				CLANG_WARN_CONSTANT_CONVERSION = YES;
				CLANG_WARN_DEPRECATED_OBJC_IMPLEMENTATIONS = YES;
				CLANG_WARN_DIRECT_OBJC_ISA_USAGE = YES_ERROR;
				CLANG_WARN_DOCUMENTATION_COMMENTS = YES;
				CLANG_WARN_EMPTY_BODY = YES;
				CLANG_WARN_ENUM_CONVERSION = YES;
				CLANG_WARN_INFINITE_RECURSION = YES;
				CLANG_WARN_INT_CONVERSION = YES;
				CLANG_WARN_NON_LITERAL_NULL_CONVERSION = YES;
				CLANG_WARN_OBJC_IMPLICIT_RETAIN_SELF = YES;
				CLANG_WARN_OBJC_LITERAL_CONVERSION = YES;
				CLANG_WARN_OBJC_ROOT_CLASS = YES_ERROR;
				CLANG_WARN_QUOTED_INCLUDE_IN_FRAMEWORK_HEADER = YES;
				CLANG_WARN_RANGE_LOOP_ANALYSIS = YES;
				CLANG_WARN_STRICT_PROTOTYPES = YES;
				CLANG_WARN_SUSPICIOUS_MOVE = YES;
				CLANG_WARN_UNGUARDED_AVAILABILITY = YES_AGGRESSIVE;
				CLANG_WARN_UNREACHABLE_CODE = YES;
				CLANG_WARN__DUPLICATE_METHOD_MATCH = YES;
				COPY_PHASE_STRIP = NO;
				DEBUG_INFORMATION_FORMAT = "dwarf-with-dsym";
				ENABLE_NS_ASSERTIONS = NO;
				ENABLE_STRICT_OBJC_MSGSEND = YES;
				GCC_C_LANGUAGE_STANDARD = gnu11;
				GCC_NO_COMMON_BLOCKS = YES;
				GCC_WARN_64_TO_32_BIT_CONVERSION = YES;
				GCC_WARN_ABOUT_RETURN_TYPE = YES_ERROR;
				GCC_WARN_UNDECLARED_SELECTOR = YES;
				GCC_WARN_UNINITIALIZED_AUTOS = YES_AGGRESSIVE;
				GCC_WARN_UNUSED_FUNCTION = YES;
				GCC_WARN_UNUSED_VARIABLE = YES;
				IPHONEOS_DEPLOYMENT_TARGET = 16.2;
				MTL_ENABLE_DEBUG_INFO = NO;
				MTL_FAST_MATH = YES;
				SDKROOT = iphoneos;
				SWIFT_COMPILATION_MODE = wholemodule;
				SWIFT_OPTIMIZATION_LEVEL = "-O";
				VALIDATE_PRODUCT = YES;
			};
			name = Release;
		};
		3485B6EA2AD55F4000AE6103 /* Debug */ = {
			isa = XCBuildConfiguration;
			buildSettings = {
				ASSETCATALOG_COMPILER_APPICON_NAME = AppIcon;
				ASSETCATALOG_COMPILER_GLOBAL_ACCENT_COLOR_NAME = AccentColor;
				CODE_SIGN_STYLE = Automatic;
				CURRENT_PROJECT_VERSION = 1;
				DEVELOPMENT_TEAM = M79928L8PF;
				GENERATE_INFOPLIST_FILE = YES;
				INFOPLIST_FILE = Social_Login/Info.plist;
				INFOPLIST_KEY_UIApplicationSupportsIndirectInputEvents = YES;
				INFOPLIST_KEY_UILaunchStoryboardName = LaunchScreen;
				INFOPLIST_KEY_UISupportedInterfaceOrientations_iPad = "UIInterfaceOrientationPortrait UIInterfaceOrientationPortraitUpsideDown UIInterfaceOrientationLandscapeLeft UIInterfaceOrientationLandscapeRight";
				INFOPLIST_KEY_UISupportedInterfaceOrientations_iPhone = "UIInterfaceOrientationPortrait UIInterfaceOrientationLandscapeLeft UIInterfaceOrientationLandscapeRight";
				LD_RUNPATH_SEARCH_PATHS = (
					"$(inherited)",
					"@executable_path/Frameworks",
				);
				MARKETING_VERSION = 1.0;
				PRODUCT_BUNDLE_IDENTIFIER = "oguuk.Social-Login";
				PRODUCT_NAME = "$(TARGET_NAME)";
				SWIFT_EMIT_LOC_STRINGS = YES;
				SWIFT_VERSION = 5.0;
				TARGETED_DEVICE_FAMILY = "1,2";
			};
			name = Debug;
		};
		3485B6EB2AD55F4000AE6103 /* Release */ = {
			isa = XCBuildConfiguration;
			buildSettings = {
				ASSETCATALOG_COMPILER_APPICON_NAME = AppIcon;
				ASSETCATALOG_COMPILER_GLOBAL_ACCENT_COLOR_NAME = AccentColor;
				CODE_SIGN_STYLE = Automatic;
				CURRENT_PROJECT_VERSION = 1;
				DEVELOPMENT_TEAM = M79928L8PF;
				GENERATE_INFOPLIST_FILE = YES;
				INFOPLIST_FILE = Social_Login/Info.plist;
				INFOPLIST_KEY_UIApplicationSupportsIndirectInputEvents = YES;
				INFOPLIST_KEY_UILaunchStoryboardName = LaunchScreen;
				INFOPLIST_KEY_UISupportedInterfaceOrientations_iPad = "UIInterfaceOrientationPortrait UIInterfaceOrientationPortraitUpsideDown UIInterfaceOrientationLandscapeLeft UIInterfaceOrientationLandscapeRight";
				INFOPLIST_KEY_UISupportedInterfaceOrientations_iPhone = "UIInterfaceOrientationPortrait UIInterfaceOrientationLandscapeLeft UIInterfaceOrientationLandscapeRight";
				LD_RUNPATH_SEARCH_PATHS = (
					"$(inherited)",
					"@executable_path/Frameworks",
				);
				MARKETING_VERSION = 1.0;
				PRODUCT_BUNDLE_IDENTIFIER = "oguuk.Social-Login";
				PRODUCT_NAME = "$(TARGET_NAME)";
				SWIFT_EMIT_LOC_STRINGS = YES;
				SWIFT_VERSION = 5.0;
				TARGETED_DEVICE_FAMILY = "1,2";
			};
			name = Release;
		};
/* End XCBuildConfiguration section */

/* Begin XCConfigurationList section */
		3485B6D02AD55F3E00AE6103 /* Build configuration list for PBXProject "Social_Login" */ = {
			isa = XCConfigurationList;
			buildConfigurations = (
				3485B6E72AD55F4000AE6103 /* Debug */,
				3485B6E82AD55F4000AE6103 /* Release */,
			);
			defaultConfigurationIsVisible = 0;
			defaultConfigurationName = Release;
		};
		3485B6E92AD55F4000AE6103 /* Build configuration list for PBXNativeTarget "Social_Login" */ = {
			isa = XCConfigurationList;
			buildConfigurations = (
				3485B6EA2AD55F4000AE6103 /* Debug */,
				3485B6EB2AD55F4000AE6103 /* Release */,
			);
			defaultConfigurationIsVisible = 0;
			defaultConfigurationName = Release;
		};
/* End XCConfigurationList section */
	};
	rootObject = 3485B6CD2AD55F3E00AE6103 /* Project object */;
}
